<?xml version="1.0" encoding="utf-8"?>
<Project ToolsVersion="4.0" xmlns="http://schemas.microsoft.com/developer/msbuild/2003">
  <ItemGroup>
    <Filter Include="source">
      <UniqueIdentifier>{4adf1500-f575-4e17-8da1-0bd6ed1fb4b7}</UniqueIdentifier>
      <Extensions>cpp;c;cxx;def;odl;idl;hpj;bat;asm</Extensions>
    </Filter>
    <Filter Include="include">
      <UniqueIdentifier>{24eae2d5-7072-4c73-9e53-81eb87df0cba}</UniqueIdentifier>
      <Extensions>h;hpp;hxx;hm;inl;inc</Extensions>
    </Filter>
    <Filter Include="resource">
      <UniqueIdentifier>{53fe903b-1deb-4e20-a053-c7fab13a3140}</UniqueIdentifier>
      <Extensions>rc;ico;cur;bmp;dlg;rc2;rct;bin;rgs;jpg;jpeg;jpe;png;manifest</Extensions>
    </Filter>
  </ItemGroup>
  <ItemGroup>
    <None Include="res\TestLuaWidget.ico">
      <Filter>resource</Filter>
    </None>
    <None Include="..\Resources\Default.png">
      <Filter>resource</Filter>
    </None>
    <None Include="..\Resources\crop.png">
      <Filter>resource</Filter>
    </None>
    <None Include="..\Resources\farm.jpg">
      <Filter>resource</Filter>
    </None>
    <None Include="..\Resources\land.png">
      <Filter>resource</Filter>
    </None>
    <None Include="..\Resources\menu2.png">
      <Filter>resource</Filter>
    </None>
    <None Include="..\Resources\Icon.png">
      <Filter>resource</Filter>
    </None>
    <None Include="..\Resources\dog.png">
      <Filter>resource</Filter>
    </None>
    <None Include="..\Resources\menu1.png">
      <Filter>resource</Filter>
    </None>
    <None Include="..\Resources\base.png">
      <Filter>resource</Filter>
    </None>
  </ItemGroup>
  <ItemGroup>
    <ResourceCompile Include="TestLuaWidget.rc">
      <Filter>resource</Filter>
    </ResourceCompile>
  </ItemGroup>
  <ItemGroup>
    <ClInclude Include="resource.h">
      <Filter>include</Filter>
    </ClInclude>
    <ClInclude Include="main.h">
      <Filter>include</Filter>
    </ClInclude>
    <ClInclude Include="..\Classes\AppDelegate.h">
      <Filter>include</Filter>
    </ClInclude>
    <ClInclude Include="..\Classes\cocos2dx_support\LuaCocos2d.h">
      <Filter>include</Filter>
    </ClInclude>
    <ClInclude Include="..\Classes\cocos2dx_support\CCLuaEngine.h">
      <Filter>include</Filter>
    </ClInclude>
    <ClInclude Include="..\Classes\cocos2dx_support\Cocos2dxLuaLoader.h">
      <Filter>include</Filter>
    </ClInclude>
    <ClInclude Include="..\Classes\cocos2dx_support\tolua_fix.h">
      <Filter>include</Filter>
    </ClInclude>
    <ClInclude Include="..\Classes\ClipLayer.h">
      <Filter>include</Filter>
    </ClInclude>
  </ItemGroup>
  <ItemGroup>
    <ClCompile Include="main.cpp">
      <Filter>source</Filter>
    </ClCompile>
    <ClCompile Include="..\Classes\AppDelegate.cpp">
      <Filter>source</Filter>
    </ClCompile>
    <ClCompile Include="..\Classes\cocos2dx_support\LuaCocos2d.cpp">
      <Filter>source</Filter>
    </ClCompile>
    <ClCompile Include="..\Classes\cocos2dx_support\CCLuaEngine.cpp">
      <Filter>source</Filter>
    </ClCompile>
    <ClCompile Include="..\Classes\cocos2dx_support\Cocos2dxLuaLoader.cpp">
      <Filter>source</Filter>
    </ClCompile>
    <ClCompile Include="..\Classes\cocos2dx_support\tolua_fix.c">
      <Filter>source</Filter>
    </ClCompile>
    <ClCompile Include="..\Classes\ClipLayer.cpp">
      <Filter>source</Filter>
    </ClCompile>
  </ItemGroup>
</Project>